
Microsoft Visual Studio Solution File, Format Version 12.00
# Visual Studio Version 16
VisualStudioVersion = 16.0.29424.173
MinimumVisualStudioVersion = 10.0.40219.1
Project("{FAE04EC0-301F-11D3-BF4B-00C04F79EFBC}") = "BingWallpaper2", "BingWallpaper2\BingWallpaper2.csproj", "{5601F106-9B6B-47BE-A402-E844BF305671}"
EndProject
Project("{FAE04EC0-301F-11D3-BF4B-00C04F79EFBC}") = "BingWallpaperAuto", "BingWallpaperAuto\BingWallpaperAuto.csproj", "{B2FCA762-40D0-4173-AE80-88C7CF729806}"
EndProject
Project("{FAE04EC0-301F-11D3-BF4B-00C04F79EFBC}") = "Update", "Update\Update.csproj", "{7F524966-5A64-474B-8827-4EB7066B5177}"
EndProject
Project("{FAE04EC0-301F-11D3-BF4B-00C04F79EFBC}") = "UnitTest", "UnitTest\UnitTest.csproj", "{6AF55256-811F-49F5-9565-19F9AF491D98}"
EndProject
Project("{FAE04EC0-301F-11D3-BF4B-00C04F79EFBC}") = "BingWallpaper.Popup", "BingWallpaper.Alert\BingWallpaper.Popup.csproj", "{1A9AB089-A9CC-45AF-BFC7-7643065290D1}"
EndProject
Project("{2150E333-8FDC-42A3-9474-1A3956D46DE8}") = "Centrum", "Centrum", "{341B98AC-3F00-481D-975F-74449C3E1826}"
EndProject
Project("{FAE04EC0-301F-11D3-BF4B-00C04F79EFBC}") = "BingWallpaper.Core", "Centrum\BingWallpaper.Core\BingWallpaper.Core.csproj", "{ACD252D2-B005-4CA4-8B2D-648E4128D099}"
EndProject
Global
	GlobalSection(SolutionConfigurationPlatforms) = preSolution
		Debug|Any CPU = Debug|Any CPU
		Release|Any CPU = Release|Any CPU
	EndGlobalSection
	GlobalSection(ProjectConfigurationPlatforms) = postSolution
		{5601F106-9B6B-47BE-A402-E844BF305671}.Debug|Any CPU.ActiveCfg = Debug|Any CPU
		{5601F106-9B6B-47BE-A402-E844BF305671}.Debug|Any CPU.Build.0 = Debug|Any CPU
		{5601F106-9B6B-47BE-A402-E844BF305671}.Release|Any CPU.ActiveCfg = Release|Any CPU
		{5601F106-9B6B-47BE-A402-E844BF305671}.Release|Any CPU.Build.0 = Release|Any CPU
		{B2FCA762-40D0-4173-AE80-88C7CF729806}.Debug|Any CPU.ActiveCfg = Debug|Any CPU
		{B2FCA762-40D0-4173-AE80-88C7CF729806}.Debug|Any CPU.Build.0 = Debug|Any CPU
		{B2FCA762-40D0-4173-AE80-88C7CF729806}.Release|Any CPU.ActiveCfg = Release|Any CPU
		{B2FCA762-40D0-4173-AE80-88C7CF729806}.Release|Any CPU.Build.0 = Release|Any CPU
		{7F524966-5A64-474B-8827-4EB7066B5177}.Debug|Any CPU.ActiveCfg = Debug|Any CPU
		{7F524966-5A64-474B-8827-4EB7066B5177}.Debug|Any CPU.Build.0 = Debug|Any CPU
		{7F524966-5A64-474B-8827-4EB7066B5177}.Release|Any CPU.ActiveCfg = Release|Any CPU
		{7F524966-5A64-474B-8827-4EB7066B5177}.Release|Any CPU.Build.0 = Release|Any CPU
		{6AF55256-811F-49F5-9565-19F9AF491D98}.Debug|Any CPU.ActiveCfg = Debug|Any CPU
		{6AF55256-811F-49F5-9565-19F9AF491D98}.Debug|Any CPU.Build.0 = Debug|Any CPU
		{6AF55256-811F-49F5-9565-19F9AF491D98}.Release|Any CPU.ActiveCfg = Release|Any CPU
		{6AF55256-811F-49F5-9565-19F9AF491D98}.Release|Any CPU.Build.0 = Release|Any CPU
		{1A9AB089-A9CC-45AF-BFC7-7643065290D1}.Debug|Any CPU.ActiveCfg = Debug|Any CPU
		{1A9AB089-A9CC-45AF-BFC7-7643065290D1}.Debug|Any CPU.Build.0 = Debug|Any CPU
		{1A9AB089-A9CC-45AF-BFC7-7643065290D1}.Release|Any CPU.ActiveCfg = Release|Any CPU
		{1A9AB089-A9CC-45AF-BFC7-7643065290D1}.Release|Any CPU.Build.0 = Release|Any CPU
		{ACD252D2-B005-4CA4-8B2D-648E4128D099}.Debug|Any CPU.ActiveCfg = Debug|Any CPU
		{ACD252D2-B005-4CA4-8B2D-648E4128D099}.Debug|Any CPU.Build.0 = Debug|Any CPU
		{ACD252D2-B005-4CA4-8B2D-648E4128D099}.Release|Any CPU.ActiveCfg = Release|Any CPU
		{ACD252D2-B005-4CA4-8B2D-648E4128D099}.Release|Any CPU.Build.0 = Release|Any CPU
	EndGlobalSection
	GlobalSection(SolutionProperties) = preSolution
		HideSolutionNode = FALSE
	EndGlobalSection
	GlobalSection(NestedProjects) = preSolution
		{ACD252D2-B005-4CA4-8B2D-648E4128D099} = {341B98AC-3F00-481D-975F-74449C3E1826}
	EndGlobalSection
	GlobalSection(ExtensibilityGlobals) = postSolution
		SolutionGuid = {E33FE731-F59F-46AC-8CA8-3565E07083E1}
	EndGlobalSection
EndGlobal
